{
    "name": "chinese-converter",
    "version": "1.1.1",
    "lockfileVersion": 3,
    "requires": true,
    "packages": {
        "": {
            "name": "chinese-converter",
            "version": "1.1.1",
            "hasInstallScript": true,
            "license": "MIT",
            "dependencies": {
                "python-shell": "^3.0.1"
            },
            "devDependencies": {
                "@types/node": "14.x",
                "@types/vscode": "^1.60.0"
            },
            "engines": {
                "vscode": "^1.60.0"
            }
        },
        "node_modules/@types/node": {
            "version": "14.18.63",
            "resolved": "https://registry.npmmirror.com/@types/node/-/node-14.18.63.tgz",
            "integrity": "sha512-fAtCfv4jJg+ExtXhvCkCqUKZ+4ok/JQk01qDKhL5BDDoS3AxKXhV5/MAVUZyQnSEd2GT92fkgZl0pz0Q0AzcIQ==",
            "dev": true,
            "license": "MIT"
        },
        "node_modules/@types/vscode": {
            "version": "1.108.1",
            "resolved": "https://registry.npmmirror.com/@types/vscode/-/vscode-1.108.1.tgz",
            "integrity": "sha512-DerV0BbSzt87TbrqmZ7lRDIYaMiqvP8tmJTzW2p49ZBVtGUnGAu2RGQd1Wv4XMzEVUpaHbsemVM5nfuQJj7H6w==",
            "dev": true,
            "license": "MIT"
        },
        "node_modules/python-shell": {
            "version": "3.0.1",
            "resolved": "https://registry.npmmirror.com/python-shell/-/python-shell-3.0.1.tgz",
            "integrity": "sha512-TWeotuxe1auhXa5bGRScxnc2J+0r41NBntSa6RYZtMBLtAEsvCboKrEbW6DvASosWQepVkhZZlT3B5Ei766G+Q==",
            "license": "MIT",
            "engines": {
                "node": ">=0.10"
            }
        }
    }
}
